
Microsoft Visual Studio Solution File, Format Version 12.00
# Visual Studio Version 16
VisualStudioVersion = 16.0.29409.12
MinimumVisualStudioVersion = 15.0.26124.0
Project("{9A19103F-16F7-4668-BE54-9A1E7A4F7556}") = "WebApiDemo", "WebApiDemo\WebApiDemo.csproj", "{1989CE82-9780-4E40-B52B-7801AB293B40}"
EndProject
Project("{9A19103F-16F7-4668-BE54-9A1E7A4F7556}") = "WebApiDemo.UnitTest", "WebApiDemo.UnitTest\WebApiDemo.UnitTest.csproj", "{8D94C669-CDB0-4921-A1DA-9C1EBBA3D509}"
EndProject
Project("{9A19103F-16F7-4668-BE54-9A1E7A4F7556}") = "WebApiDemo.IntegrationTest", "WebApiDemo.IntegrationTest\WebApiDemo.IntegrationTest.csproj", "{B64AB0CE-A2C3-46AE-8BF0-C1A5244F4584}"
EndProject
Global
	GlobalSection(SolutionConfigurationPlatforms) = preSolution
		Debug|Any CPU = Debug|Any CPU
		Debug|x64 = Debug|x64
		Debug|x86 = Debug|x86
		Release|Any CPU = Release|Any CPU
		Release|x64 = Release|x64
		Release|x86 = Release|x86
	EndGlobalSection
	GlobalSection(ProjectConfigurationPlatforms) = postSolution
		{1989CE82-9780-4E40-B52B-7801AB293B40}.Debug|Any CPU.ActiveCfg = Debug|Any CPU
		{1989CE82-9780-4E40-B52B-7801AB293B40}.Debug|Any CPU.Build.0 = Debug|Any CPU
		{1989CE82-9780-4E40-B52B-7801AB293B40}.Debug|x64.ActiveCfg = Debug|Any CPU
		{1989CE82-9780-4E40-B52B-7801AB293B40}.Debug|x64.Build.0 = Debug|Any CPU
		{1989CE82-9780-4E40-B52B-7801AB293B40}.Debug|x86.ActiveCfg = Debug|Any CPU
		{1989CE82-9780-4E40-B52B-7801AB293B40}.Debug|x86.Build.0 = Debug|Any CPU
		{1989CE82-9780-4E40-B52B-7801AB293B40}.Release|Any CPU.ActiveCfg = Release|Any CPU
		{1989CE82-9780-4E40-B52B-7801AB293B40}.Release|Any CPU.Build.0 = Release|Any CPU
		{1989CE82-9780-4E40-B52B-7801AB293B40}.Release|x64.ActiveCfg = Release|Any CPU
		{1989CE82-9780-4E40-B52B-7801AB293B40}.Release|x64.Build.0 = Release|Any CPU
		{1989CE82-9780-4E40-B52B-7801AB293B40}.Release|x86.ActiveCfg = Release|Any CPU
		{1989CE82-9780-4E40-B52B-7801AB293B40}.Release|x86.Build.0 = Release|Any CPU
		{8D94C669-CDB0-4921-A1DA-9C1EBBA3D509}.Debug|Any CPU.ActiveCfg = Debug|Any CPU
		{8D94C669-CDB0-4921-A1DA-9C1EBBA3D509}.Debug|Any CPU.Build.0 = Debug|Any CPU
		{8D94C669-CDB0-4921-A1DA-9C1EBBA3D509}.Debug|x64.ActiveCfg = Debug|Any CPU
		{8D94C669-CDB0-4921-A1DA-9C1EBBA3D509}.Debug|x64.Build.0 = Debug|Any CPU
		{8D94C669-CDB0-4921-A1DA-9C1EBBA3D509}.Debug|x86.ActiveCfg = Debug|Any CPU
		{8D94C669-CDB0-4921-A1DA-9C1EBBA3D509}.Debug|x86.Build.0 = Debug|Any CPU
		{8D94C669-CDB0-4921-A1DA-9C1EBBA3D509}.Release|Any CPU.ActiveCfg = Release|Any CPU
		{8D94C669-CDB0-4921-A1DA-9C1EBBA3D509}.Release|Any CPU.Build.0 = Release|Any CPU
		{8D94C669-CDB0-4921-A1DA-9C1EBBA3D509}.Release|x64.ActiveCfg = Release|Any CPU
		{8D94C669-CDB0-4921-A1DA-9C1EBBA3D509}.Release|x64.Build.0 = Release|Any CPU
		{8D94C669-CDB0-4921-A1DA-9C1EBBA3D509}.Release|x86.ActiveCfg = Release|Any CPU
		{8D94C669-CDB0-4921-A1DA-9C1EBBA3D509}.Release|x86.Build.0 = Release|Any CPU
		{B64AB0CE-A2C3-46AE-8BF0-C1A5244F4584}.Debug|Any CPU.ActiveCfg = Debug|Any CPU
		{B64AB0CE-A2C3-46AE-8BF0-C1A5244F4584}.Debug|Any CPU.Build.0 = Debug|Any CPU
		{B64AB0CE-A2C3-46AE-8BF0-C1A5244F4584}.Debug|x64.ActiveCfg = Debug|Any CPU
		{B64AB0CE-A2C3-46AE-8BF0-C1A5244F4584}.Debug|x64.Build.0 = Debug|Any CPU
		{B64AB0CE-A2C3-46AE-8BF0-C1A5244F4584}.Debug|x86.ActiveCfg = Debug|Any CPU
		{B64AB0CE-A2C3-46AE-8BF0-C1A5244F4584}.Debug|x86.Build.0 = Debug|Any CPU
		{B64AB0CE-A2C3-46AE-8BF0-C1A5244F4584}.Release|Any CPU.ActiveCfg = Release|Any CPU
		{B64AB0CE-A2C3-46AE-8BF0-C1A5244F4584}.Release|Any CPU.Build.0 = Release|Any CPU
		{B64AB0CE-A2C3-46AE-8BF0-C1A5244F4584}.Release|x64.ActiveCfg = Release|Any CPU
		{B64AB0CE-A2C3-46AE-8BF0-C1A5244F4584}.Release|x64.Build.0 = Release|Any CPU
		{B64AB0CE-A2C3-46AE-8BF0-C1A5244F4584}.Release|x86.ActiveCfg = Release|Any CPU
		{B64AB0CE-A2C3-46AE-8BF0-C1A5244F4584}.Release|x86.Build.0 = Release|Any CPU
	EndGlobalSection
	GlobalSection(SolutionProperties) = preSolution
		HideSolutionNode = FALSE
	EndGlobalSection
	GlobalSection(ExtensibilityGlobals) = postSolution
		SolutionGuid = {437B6B63-AB12-459D-829D-79859671746C}
	EndGlobalSection
EndGlobal
